// !$*UTF8*$!
{
	archiveVersion = 1;
	classes = {
	};
	objectVersion = 48;
	objects = {

/* Begin PBXBuildFile section */
		152F3D28209DE62700AECC0D /* AppDelegate.swift in Sources */ = {isa = PBXBuildFile; fileRef = 152F3D27209DE62700AECC0D /* AppDelegate.swift */; };
		152F3D2A209DE62700AECC0D /* ViewController.swift in Sources */ = {isa = PBXBuildFile; fileRef = 152F3D29209DE62700AECC0D /* ViewController.swift */; };
		152F3D2D209DE62700AECC0D /* Main.storyboard in Resources */ = {isa = PBXBuildFile; fileRef = 152F3D2B209DE62700AECC0D /* Main.storyboard */; };
		152F3D2F209DE62700AECC0D /* Assets.xcassets in Resources */ = {isa = PBXBuildFile; fileRef = 152F3D2E209DE62700AECC0D /* Assets.xcassets */; };
		152F3D32209DE62700AECC0D /* LaunchScreen.storyboard in Resources */ = {isa = PBXBuildFile; fileRef = 152F3D30209DE62700AECC0D /* LaunchScreen.storyboard */; };
		152F3D3D209DE62700AECC0D /* CIExampleTests.swift in Sources */ = {isa = PBXBuildFile; fileRef = 152F3D3C209DE62700AECC0D /* CIExampleTests.swift */; };
		152F3D48209DE62700AECC0D /* CIExampleUITests.swift in Sources */ = {isa = PBXBuildFile; fileRef = 152F3D47209DE62700AECC0D /* CIExampleUITests.swift */; };
		9A7EF11B3FF48D75EFD1DD45 /* Pods_CIExample.framework in Frameworks */ = {isa = PBXBuildFile; fileRef = 26DFDAE793C3CFC7FB494017 /* Pods_CIExample.framework */; };
		C0BE722DEFA10A416E540BCC /* Pods_CIExampleUITests.framework in Frameworks */ = {isa = PBXBuildFile; fileRef = A1CCB614075C7C5E812635AE /* Pods_CIExampleUITests.framework */; };
		E1BA7DE37038F207F6E1FF2C /* Pods_CIExampleTests.framework in Frameworks */ = {isa = PBXBuildFile; fileRef = 96E583D38D29CEE3F056D2E1 /* Pods_CIExampleTests.framework */; };
/* End PBXBuildFile section */

/* Begin PBXContainerItemProxy section */
		152F3D39209DE62700AECC0D /* PBXContainerItemProxy */ = {
			isa = PBXContainerItemProxy;
			containerPortal = 152F3D1C209DE62700AECC0D /* Project object */;
			proxyType = 1;
			remoteGlobalIDString = 152F3D23209DE62700AECC0D;
			remoteInfo = CIExample;
		};
		152F3D44209DE62700AECC0D /* PBXContainerItemProxy */ = {
			isa = PBXContainerItemProxy;
			containerPortal = 152F3D1C209DE62700AECC0D /* Project object */;
			proxyType = 1;
			remoteGlobalIDString = 152F3D23209DE62700AECC0D;
			remoteInfo = CIExample;
		};
/* End PBXContainerItemProxy section */

/* Begin PBXFileReference section */
		0EC537E7E1D3318B11045DA2 /* Pods-CIExample.debug.xcconfig */ = {isa = PBXFileReference; includeInIndex = 1; lastKnownFileType = text.xcconfig; name = "Pods-CIExample.debug.xcconfig"; path = "Pods/Target Support Files/Pods-CIExample/Pods-CIExample.debug.xcconfig"; sourceTree = "<group>"; };
		152F3D24209DE62700AECC0D /* CIExample.app */ = {isa = PBXFileReference; explicitFileType = wrapper.application; includeInIndex = 0; path = CIExample.app; sourceTree = BUILT_PRODUCTS_DIR; };
		152F3D27209DE62700AECC0D /* AppDelegate.swift */ = {isa = PBXFileReference; lastKnownFileType = sourcecode.swift; path = AppDelegate.swift; sourceTree = "<group>"; };
		152F3D29209DE62700AECC0D /* ViewController.swift */ = {isa = PBXFileReference; lastKnownFileType = sourcecode.swift; path = ViewController.swift; sourceTree = "<group>"; };
		152F3D2C209DE62700AECC0D /* Base */ = {isa = PBXFileReference; lastKnownFileType = file.storyboard; name = Base; path = Base.lproj/Main.storyboard; sourceTree = "<group>"; };
		152F3D2E209DE62700AECC0D /* Assets.xcassets */ = {isa = PBXFileReference; lastKnownFileType = folder.assetcatalog; path = Assets.xcassets; sourceTree = "<group>"; };
		152F3D31209DE62700AECC0D /* Base */ = {isa = PBXFileReference; lastKnownFileType = file.storyboard; name = Base; path = Base.lproj/LaunchScreen.storyboard; sourceTree = "<group>"; };
		152F3D33209DE62700AECC0D /* Info.plist */ = {isa = PBXFileReference; lastKnownFileType = text.plist.xml; path = Info.plist; sourceTree = "<group>"; };
		152F3D38209DE62700AECC0D /* CIExampleTests.xctest */ = {isa = PBXFileReference; explicitFileType = wrapper.cfbundle; includeInIndex = 0; path = CIExampleTests.xctest; sourceTree = BUILT_PRODUCTS_DIR; };
		152F3D3C209DE62700AECC0D /* CIExampleTests.swift */ = {isa = PBXFileReference; lastKnownFileType = sourcecode.swift; path = CIExampleTests.swift; sourceTree = "<group>"; };
		152F3D3E209DE62700AECC0D /* Info.plist */ = {isa = PBXFileReference; lastKnownFileType = text.plist.xml; path = Info.plist; sourceTree = "<group>"; };
		152F3D43209DE62700AECC0D /* CIExampleUITests.xctest */ = {isa = PBXFileReference; explicitFileType = wrapper.cfbundle; includeInIndex = 0; path = CIExampleUITests.xctest; sourceTree = BUILT_PRODUCTS_DIR; };
		152F3D47209DE62700AECC0D /* CIExampleUITests.swift */ = {isa = PBXFileReference; lastKnownFileType = sourcecode.swift; path = CIExampleUITests.swift; sourceTree = "<group>"; };
		152F3D49209DE62700AECC0D /* Info.plist */ = {isa = PBXFileReference; lastKnownFileType = text.plist.xml; path = Info.plist; sourceTree = "<group>"; };
		1CBC8A110C9F429C0019D866 /* Pods-CIExample.release.xcconfig */ = {isa = PBXFileReference; includeInIndex = 1; lastKnownFileType = text.xcconfig; name = "Pods-CIExample.release.xcconfig"; path = "Pods/Target Support Files/Pods-CIExample/Pods-CIExample.release.xcconfig"; sourceTree = "<group>"; };
		20A95ED7DBAFE26B26D854F8 /* Pods-CIExampleUITests.release.xcconfig */ = {isa = PBXFileReference; includeInIndex = 1; lastKnownFileType = text.xcconfig; name = "Pods-CIExampleUITests.release.xcconfig"; path = "Pods/Target Support Files/Pods-CIExampleUITests/Pods-CIExampleUITests.release.xcconfig"; sourceTree = "<group>"; };
		26DFDAE793C3CFC7FB494017 /* Pods_CIExample.framework */ = {isa = PBXFileReference; explicitFileType = wrapper.framework; includeInIndex = 0; path = Pods_CIExample.framework; sourceTree = BUILT_PRODUCTS_DIR; };
		4DAD021C035E6C7E4F90D4E9 /* Pods-CIExampleTests.debug.xcconfig */ = {isa = PBXFileReference; includeInIndex = 1; lastKnownFileType = text.xcconfig; name = "Pods-CIExampleTests.debug.xcconfig"; path = "Pods/Target Support Files/Pods-CIExampleTests/Pods-CIExampleTests.debug.xcconfig"; sourceTree = "<group>"; };
		519EEF2E2942C65376CB67FC /* Pods-CIExampleUITests.debug.xcconfig */ = {isa = PBXFileReference; includeInIndex = 1; lastKnownFileType = text.xcconfig; name = "Pods-CIExampleUITests.debug.xcconfig"; path = "Pods/Target Support Files/Pods-CIExampleUITests/Pods-CIExampleUITests.debug.xcconfig"; sourceTree = "<group>"; };
		70FA5C0FFCBBBAD2ED1683DE /* Pods-CIExampleTests.release.xcconfig */ = {isa = PBXFileReference; includeInIndex = 1; lastKnownFileType = text.xcconfig; name = "Pods-CIExampleTests.release.xcconfig"; path = "Pods/Target Support Files/Pods-CIExampleTests/Pods-CIExampleTests.release.xcconfig"; sourceTree = "<group>"; };
		96E583D38D29CEE3F056D2E1 /* Pods_CIExampleTests.framework */ = {isa = PBXFileReference; explicitFileType = wrapper.framework; includeInIndex = 0; path = Pods_CIExampleTests.framework; sourceTree = BUILT_PRODUCTS_DIR; };
		A1CCB614075C7C5E812635AE /* Pods_CIExampleUITests.framework */ = {isa = PBXFileReference; explicitFileType = wrapper.framework; includeInIndex = 0; path = Pods_CIExampleUITests.framework; sourceTree = BUILT_PRODUCTS_DIR; };
/* End PBXFileReference section */

/* Begin PBXFrameworksBuildPhase section */
		152F3D21209DE62700AECC0D /* Frameworks */ = {
			isa = PBXFrameworksBuildPhase;
			buildActionMask = 2147483647;
			files = (
				9A7EF11B3FF48D75EFD1DD45 /* Pods_CIExample.framework in Frameworks */,
			);
			runOnlyForDeploymentPostprocessing = 0;
		};
		152F3D35209DE62700AECC0D /* Frameworks */ = {
			isa = PBXFrameworksBuildPhase;
			buildActionMask = 2147483647;
			files = (
				E1BA7DE37038F207F6E1FF2C /* Pods_CIExampleTests.framework in Frameworks */,
			);
			runOnlyForDeploymentPostprocessing = 0;
		};
		152F3D40209DE62700AECC0D /* Frameworks */ = {
			isa = PBXFrameworksBuildPhase;
			buildActionMask = 2147483647;
			files = (
				C0BE722DEFA10A416E540BCC /* Pods_CIExampleUITests.framework in Frameworks */,
			);
			runOnlyForDeploymentPostprocessing = 0;
		};
/* End PBXFrameworksBuildPhase section */

/* Begin PBXGroup section */
		13092A8C7763C9C5EC0BF0F6 /* Pods */ = {
			isa = PBXGroup;
			children = (
				0EC537E7E1D3318B11045DA2 /* Pods-CIExample.debug.xcconfig */,
				1CBC8A110C9F429C0019D866 /* Pods-CIExample.release.xcconfig */,
				4DAD021C035E6C7E4F90D4E9 /* Pods-CIExampleTests.debug.xcconfig */,
				70FA5C0FFCBBBAD2ED1683DE /* Pods-CIExampleTests.release.xcconfig */,
				519EEF2E2942C65376CB67FC /* Pods-CIExampleUITests.debug.xcconfig */,
				20A95ED7DBAFE26B26D854F8 /* Pods-CIExampleUITests.release.xcconfig */,
			);
			name = Pods;
			sourceTree = "<group>";
		};
		152F3D1B209DE62700AECC0D = {
			isa = PBXGroup;
			children = (
				152F3D26209DE62700AECC0D /* CIExample */,
				152F3D3B209DE62700AECC0D /* CIExampleTests */,
				152F3D46209DE62700AECC0D /* CIExampleUITests */,
				152F3D25209DE62700AECC0D /* Products */,
				13092A8C7763C9C5EC0BF0F6 /* Pods */,
				9EC8EE4623F9907326A79CE0 /* Frameworks */,
			);
			sourceTree = "<group>";
		};
		152F3D25209DE62700AECC0D /* Products */ = {
			isa = PBXGroup;
			children = (
				152F3D24209DE62700AECC0D /* CIExample.app */,
				152F3D38209DE62700AECC0D /* CIExampleTests.xctest */,
				152F3D43209DE62700AECC0D /* CIExampleUITests.xctest */,
			);
			name = Products;
			sourceTree = "<group>";
		};
		152F3D26209DE62700AECC0D /* CIExample */ = {
			isa = PBXGroup;
			children = (
				152F3D27209DE62700AECC0D /* AppDelegate.swift */,
				152F3D29209DE62700AECC0D /* ViewController.swift */,
				152F3D2B209DE62700AECC0D /* Main.storyboard */,
				152F3D2E209DE62700AECC0D /* Assets.xcassets */,
				152F3D30209DE62700AECC0D /* LaunchScreen.storyboard */,
				152F3D33209DE62700AECC0D /* Info.plist */,
			);
			path = CIExample;
			sourceTree = "<group>";
		};
		152F3D3B209DE62700AECC0D /* CIExampleTests */ = {
			isa = PBXGroup;
			children = (
				152F3D3C209DE62700AECC0D /* CIExampleTests.swift */,
				152F3D3E209DE62700AECC0D /* Info.plist */,
			);
			path = CIExampleTests;
			sourceTree = "<group>";
		};
		152F3D46209DE62700AECC0D /* CIExampleUITests */ = {
			isa = PBXGroup;
			children = (
				152F3D47209DE62700AECC0D /* CIExampleUITests.swift */,
				152F3D49209DE62700AECC0D /* Info.plist */,
			);
			path = CIExampleUITests;
			sourceTree = "<group>";
		};
		9EC8EE4623F9907326A79CE0 /* Frameworks */ = {
			isa = PBXGroup;
			children = (
				26DFDAE793C3CFC7FB494017 /* Pods_CIExample.framework */,
				96E583D38D29CEE3F056D2E1 /* Pods_CIExampleTests.framework */,
				A1CCB614075C7C5E812635AE /* Pods_CIExampleUITests.framework */,
			);
			name = Frameworks;
			sourceTree = "<group>";
		};
/* End PBXGroup section */

/* Begin PBXNativeTarget section */
		152F3D23209DE62700AECC0D /* CIExample */ = {
			isa = PBXNativeTarget;
			buildConfigurationList = 152F3D4C209DE62700AECC0D /* Build configuration list for PBXNativeTarget "CIExample" */;
			buildPhases = (
				113E6A2FA1D4D96A3D10061B /* [CP] Check Pods Manifest.lock */,
				152F3D20209DE62700AECC0D /* Sources */,
				152F3D21209DE62700AECC0D /* Frameworks */,
				152F3D22209DE62700AECC0D /* Resources */,
			);
			buildRules = (
			);
			dependencies = (
			);
			name = CIExample;
			productName = CIExample;
			productReference = 152F3D24209DE62700AECC0D /* CIExample.app */;
			productType = "com.apple.product-type.application";
		};
		152F3D37209DE62700AECC0D /* CIExampleTests */ = {
			isa = PBXNativeTarget;
			buildConfigurationList = 152F3D4F209DE62700AECC0D /* Build configuration list for PBXNativeTarget "CIExampleTests" */;
			buildPhases = (
				522799186421316AC7E4747F /* [CP] Check Pods Manifest.lock */,
				152F3D34209DE62700AECC0D /* Sources */,
				152F3D35209DE62700AECC0D /* Frameworks */,
				152F3D36209DE62700AECC0D /* Resources */,
			);
			buildRules = (
			);
			dependencies = (
				152F3D3A209DE62700AECC0D /* PBXTargetDependency */,
			);
			name = CIExampleTests;
			productName = CIExampleTests;
			productReference = 152F3D38209DE62700AECC0D /* CIExampleTests.xctest */;
			productType = "com.apple.product-type.bundle.unit-test";
		};
		152F3D42209DE62700AECC0D /* CIExampleUITests */ = {
			isa = PBXNativeTarget;
			buildConfigurationList = 152F3D52209DE62700AECC0D /* Build configuration list for PBXNativeTarget "CIExampleUITests" */;
			buildPhases = (
				6BB30000C8D20389EC538D25 /* [CP] Check Pods Manifest.lock */,
				152F3D3F209DE62700AECC0D /* Sources */,
				152F3D40209DE62700AECC0D /* Frameworks */,
				152F3D41209DE62700AECC0D /* Resources */,
			);
			buildRules = (
			);
			dependencies = (
				152F3D45209DE62700AECC0D /* PBXTargetDependency */,
			);
			name = CIExampleUITests;
			productName = CIExampleUITests;
			productReference = 152F3D43209DE62700AECC0D /* CIExampleUITests.xctest */;
			productType = "com.apple.product-type.bundle.ui-testing";
		};
/* End PBXNativeTarget section */

/* Begin PBXProject section */
		152F3D1C209DE62700AECC0D /* Project object */ = {
			isa = PBXProject;
			attributes = {
				LastSwiftUpdateCheck = 0920;
				LastUpgradeCheck = 0920;
				ORGANIZATIONNAME = "Bruno Ramos";
				TargetAttributes = {
					152F3D23209DE62700AECC0D = {
						CreatedOnToolsVersion = 9.2;
						ProvisioningStyle = Automatic;
					};
					152F3D37209DE62700AECC0D = {
						CreatedOnToolsVersion = 9.2;
						ProvisioningStyle = Automatic;
						TestTargetID = 152F3D23209DE62700AECC0D;
					};
					152F3D42209DE62700AECC0D = {
						CreatedOnToolsVersion = 9.2;
						ProvisioningStyle = Automatic;
						TestTargetID = 152F3D23209DE62700AECC0D;
					};
				};
			};
			buildConfigurationList = 152F3D1F209DE62700AECC0D /* Build configuration list for PBXProject "CIExample" */;
			compatibilityVersion = "Xcode 8.0";
			developmentRegion = en;
			hasScannedForEncodings = 0;
			knownRegions = (
				en,
				Base,
			);
			mainGroup = 152F3D1B209DE62700AECC0D;
			productRefGroup = 152F3D25209DE62700AECC0D /* Products */;
			projectDirPath = "";
			projectRoot = "";
			targets = (
				152F3D23209DE62700AECC0D /* CIExample */,
				152F3D37209DE62700AECC0D /* CIExampleTests */,
				152F3D42209DE62700AECC0D /* CIExampleUITests */,
			);
		};
/* End PBXProject section */

/* Begin PBXResourcesBuildPhase section */
		152F3D22209DE62700AECC0D /* Resources */ = {
			isa = PBXResourcesBuildPhase;
			buildActionMask = 2147483647;
			files = (
				152F3D32209DE62700AECC0D /* LaunchScreen.storyboard in Resources */,
				152F3D2F209DE62700AECC0D /* Assets.xcassets in Resources */,
				152F3D2D209DE62700AECC0D /* Main.storyboard in Resources */,
			);
			runOnlyForDeploymentPostprocessing = 0;
		};
		152F3D36209DE62700AECC0D /* Resources */ = {
			isa = PBXResourcesBuildPhase;
			buildActionMask = 2147483647;
			files = (
			);
			runOnlyForDeploymentPostprocessing = 0;
		};
		152F3D41209DE62700AECC0D /* Resources */ = {
			isa = PBXResourcesBuildPhase;
			buildActionMask = 2147483647;
			files = (
			);
			runOnlyForDeploymentPostprocessing = 0;
		};
/* End PBXResourcesBuildPhase section */

/* Begin PBXShellScriptBuildPhase section */
		113E6A2FA1D4D96A3D10061B /* [CP] Check Pods Manifest.lock */ = {
			isa = PBXShellScriptBuildPhase;
			buildActionMask = 2147483647;
			files = (
			);
			inputPaths = (
				"${PODS_PODFILE_DIR_PATH}/Podfile.lock",
				"${PODS_ROOT}/Manifest.lock",
			);
			name = "[CP] Check Pods Manifest.lock";
			outputPaths = (
				"$(DERIVED_FILE_DIR)/Pods-CIExample-checkManifestLockResult.txt",
			);
			runOnlyForDeploymentPostprocessing = 0;
			shellPath = /bin/sh;
			shellScript = "diff \"${PODS_PODFILE_DIR_PATH}/Podfile.lock\" \"${PODS_ROOT}/Manifest.lock\" > /dev/null\nif [ $? != 0 ] ; then\n    # print error to STDERR\n    echo \"error: The sandbox is not in sync with the Podfile.lock. Run 'pod install' or update your CocoaPods installation.\" >&2\n    exit 1\nfi\n# This output is used by Xcode 'outputs' to avoid re-running this script phase.\necho \"SUCCESS\" > \"${SCRIPT_OUTPUT_FILE_0}\"\n";
			showEnvVarsInLog = 0;
		};
		522799186421316AC7E4747F /* [CP] Check Pods Manifest.lock */ = {
			isa = PBXShellScriptBuildPhase;
			buildActionMask = 2147483647;
			files = (
			);
			inputPaths = (
				"${PODS_PODFILE_DIR_PATH}/Podfile.lock",
				"${PODS_ROOT}/Manifest.lock",
			);
			name = "[CP] Check Pods Manifest.lock";
			outputPaths = (
				"$(DERIVED_FILE_DIR)/Pods-CIExampleTests-checkManifestLockResult.txt",
			);
			runOnlyForDeploymentPostprocessing = 0;
			shellPath = /bin/sh;
			shellScript = "diff \"${PODS_PODFILE_DIR_PATH}/Podfile.lock\" \"${PODS_ROOT}/Manifest.lock\" > /dev/null\nif [ $? != 0 ] ; then\n    # print error to STDERR\n    echo \"error: The sandbox is not in sync with the Podfile.lock. Run 'pod install' or update your CocoaPods installation.\" >&2\n    exit 1\nfi\n# This output is used by Xcode 'outputs' to avoid re-running this script phase.\necho \"SUCCESS\" > \"${SCRIPT_OUTPUT_FILE_0}\"\n";
			showEnvVarsInLog = 0;
		};
		6BB30000C8D20389EC538D25 /* [CP] Check Pods Manifest.lock */ = {
			isa = PBXShellScriptBuildPhase;
			buildActionMask = 2147483647;
			files = (
			);
			inputPaths = (
				"${PODS_PODFILE_DIR_PATH}/Podfile.lock",
				"${PODS_ROOT}/Manifest.lock",
			);
			name = "[CP] Check Pods Manifest.lock";
			outputPaths = (
				"$(DERIVED_FILE_DIR)/Pods-CIExampleUITests-checkManifestLockResult.txt",
			);
			runOnlyForDeploymentPostprocessing = 0;
			shellPath = /bin/sh;
			shellScript = "diff \"${PODS_PODFILE_DIR_PATH}/Podfile.lock\" \"${PODS_ROOT}/Manifest.lock\" > /dev/null\nif [ $? != 0 ] ; then\n    # print error to STDERR\n    echo \"error: The sandbox is not in sync with the Podfile.lock. Run 'pod install' or update your CocoaPods installation.\" >&2\n    exit 1\nfi\n# This output is used by Xcode 'outputs' to avoid re-running this script phase.\necho \"SUCCESS\" > \"${SCRIPT_OUTPUT_FILE_0}\"\n";
			showEnvVarsInLog = 0;
		};
/* End PBXShellScriptBuildPhase section */

/* Begin PBXSourcesBuildPhase section */
		152F3D20209DE62700AECC0D /* Sources */ = {
			isa = PBXSourcesBuildPhase;
			buildActionMask = 2147483647;
			files = (
				152F3D2A209DE62700AECC0D /* ViewController.swift in Sources */,
				152F3D28209DE62700AECC0D /* AppDelegate.swift in Sources */,
			);
			runOnlyForDeploymentPostprocessing = 0;
		};
		152F3D34209DE62700AECC0D /* Sources */ = {
			isa = PBXSourcesBuildPhase;
			buildActionMask = 2147483647;
			files = (
				152F3D3D209DE62700AECC0D /* CIExampleTests.swift in Sources */,
			);
			runOnlyForDeploymentPostprocessing = 0;
		};
		152F3D3F209DE62700AECC0D /* Sources */ = {
			isa = PBXSourcesBuildPhase;
			buildActionMask = 2147483647;
			files = (
				152F3D48209DE62700AECC0D /* CIExampleUITests.swift in Sources */,
			);
			runOnlyForDeploymentPostprocessing = 0;
		};
/* End PBXSourcesBuildPhase section */

/* Begin PBXTargetDependency section */
		152F3D3A209DE62700AECC0D /* PBXTargetDependency */ = {
			isa = PBXTargetDependency;
			target = 152F3D23209DE62700AECC0D /* CIExample */;
			targetProxy = 152F3D39209DE62700AECC0D /* PBXContainerItemProxy */;
		};
		152F3D45209DE62700AECC0D /* PBXTargetDependency */ = {
			isa = PBXTargetDependency;
			target = 152F3D23209DE62700AECC0D /* CIExample */;
			targetProxy = 152F3D44209DE62700AECC0D /* PBXContainerItemProxy */;
		};
/* End PBXTargetDependency section */

/* Begin PBXVariantGroup section */
		152F3D2B209DE62700AECC0D /* Main.storyboard */ = {
			isa = PBXVariantGroup;
			children = (
				152F3D2C209DE62700AECC0D /* Base */,
			);
			name = Main.storyboard;
			sourceTree = "<group>";
		};
		152F3D30209DE62700AECC0D /* LaunchScreen.storyboard */ = {
			isa = PBXVariantGroup;
			children = (
				152F3D31209DE62700AECC0D /* Base */,
			);
			name = LaunchScreen.storyboard;
			sourceTree = "<group>";
		};
/* End PBXVariantGroup section */

/* Begin XCBuildConfiguration section */
		152F3D4A209DE62700AECC0D /* Debug */ = {
			isa = XCBuildConfiguration;
			buildSettings = {
				ALWAYS_SEARCH_USER_PATHS = NO;
				CLANG_ANALYZER_NONNULL = YES;
				CLANG_ANALYZER_NUMBER_OBJECT_CONVERSION = YES_AGGRESSIVE;
				CLANG_CXX_LANGUAGE_STANDARD = "gnu++14";
				CLANG_CXX_LIBRARY = "libc++";
				CLANG_ENABLE_MODULES = YES;
				CLANG_ENABLE_OBJC_ARC = YES;
				CLANG_WARN_BLOCK_CAPTURE_AUTORELEASING = YES;
				CLANG_WARN_BOOL_CONVERSION = YES;
				CLANG_WARN_COMMA = YES;
				CLANG_WARN_CONSTANT_CONVERSION = YES;
				CLANG_WARN_DIRECT_OBJC_ISA_USAGE = YES_ERROR;
				CLANG_WARN_DOCUMENTATION_COMMENTS = YES;
				CLANG_WARN_EMPTY_BODY = YES;
				CLANG_WARN_ENUM_CONVERSION = YES;
				CLANG_WARN_INFINITE_RECURSION = YES;
				CLANG_WARN_INT_CONVERSION = YES;
				CLANG_WARN_NON_LITERAL_NULL_CONVERSION = YES;
				CLANG_WARN_OBJC_LITERAL_CONVERSION = YES;
				CLANG_WARN_OBJC_ROOT_CLASS = YES_ERROR;
				CLANG_WARN_RANGE_LOOP_ANALYSIS = YES;
				CLANG_WARN_STRICT_PROTOTYPES = YES;
				CLANG_WARN_SUSPICIOUS_MOVE = YES;
				CLANG_WARN_UNGUARDED_AVAILABILITY = YES_AGGRESSIVE;
				CLANG_WARN_UNREACHABLE_CODE = YES;
				CLANG_WARN__DUPLICATE_METHOD_MATCH = YES;
				CODE_SIGN_IDENTITY = "iPhone Developer";
				COPY_PHASE_STRIP = NO;
				DEBUG_INFORMATION_FORMAT = dwarf;
				ENABLE_STRICT_OBJC_MSGSEND = YES;
				ENABLE_TESTABILITY = YES;
				GCC_C_LANGUAGE_STANDARD = gnu11;
				GCC_DYNAMIC_NO_PIC = NO;
				GCC_NO_COMMON_BLOCKS = YES;
				GCC_OPTIMIZATION_LEVEL = 0;
				GCC_PREPROCESSOR_DEFINITIONS = (
					"DEBUG=1",
					"$(inherited)",
				);
				GCC_WARN_64_TO_32_BIT_CONVERSION = YES;
				GCC_WARN_ABOUT_RETURN_TYPE = YES_ERROR;
				GCC_WARN_UNDECLARED_SELECTOR = YES;
				GCC_WARN_UNINITIALIZED_AUTOS = YES_AGGRESSIVE;
				GCC_WARN_UNUSED_FUNCTION = YES;
				GCC_WARN_UNUSED_VARIABLE = YES;
				IPHONEOS_DEPLOYMENT_TARGET = 10.0;
				MTL_ENABLE_DEBUG_INFO = YES;
				ONLY_ACTIVE_ARCH = YES;
				SDKROOT = iphoneos;
				SWIFT_ACTIVE_COMPILATION_CONDITIONS = DEBUG;
				SWIFT_OPTIMIZATION_LEVEL = "-Onone";
			};
			name = Debug;
		};
		152F3D4B209DE62700AECC0D /* Release */ = {
			isa = XCBuildConfiguration;
			buildSettings = {
				ALWAYS_SEARCH_USER_PATHS = NO;
				CLANG_ANALYZER_NONNULL = YES;
				CLANG_ANALYZER_NUMBER_OBJECT_CONVERSION = YES_AGGRESSIVE;
				CLANG_CXX_LANGUAGE_STANDARD = "gnu++14";
				CLANG_CXX_LIBRARY = "libc++";
				CLANG_ENABLE_MODULES = YES;
				CLANG_ENABLE_OBJC_ARC = YES;
				CLANG_WARN_BLOCK_CAPTURE_AUTORELEASING = YES;
				CLANG_WARN_BOOL_CONVERSION = YES;
				CLANG_WARN_COMMA = YES;
				CLANG_WARN_CONSTANT_CONVERSION = YES;
				CLANG_WARN_DIRECT_OBJC_ISA_USAGE = YES_ERROR;
				CLANG_WARN_DOCUMENTATION_COMMENTS = YES;
				CLANG_WARN_EMPTY_BODY = YES;
				CLANG_WARN_ENUM_CONVERSION = YES;
				CLANG_WARN_INFINITE_RECURSION = YES;
				CLANG_WARN_INT_CONVERSION = YES;
				CLANG_WARN_NON_LITERAL_NULL_CONVERSION = YES;
				CLANG_WARN_OBJC_LITERAL_CONVERSION = YES;
				CLANG_WARN_OBJC_ROOT_CLASS = YES_ERROR;
				CLANG_WARN_RANGE_LOOP_ANALYSIS = YES;
				CLANG_WARN_STRICT_PROTOTYPES = YES;
				CLANG_WARN_SUSPICIOUS_MOVE = YES;
				CLANG_WARN_UNGUARDED_AVAILABILITY = YES_AGGRESSIVE;
				CLANG_WARN_UNREACHABLE_CODE = YES;
				CLANG_WARN__DUPLICATE_METHOD_MATCH = YES;
				CODE_SIGN_IDENTITY = "iPhone Developer";
				COPY_PHASE_STRIP = NO;
				DEBUG_INFORMATION_FORMAT = "dwarf-with-dsym";
				ENABLE_NS_ASSERTIONS = NO;
				ENABLE_STRICT_OBJC_MSGSEND = YES;
				GCC_C_LANGUAGE_STANDARD = gnu11;
				GCC_NO_COMMON_BLOCKS = YES;
				GCC_WARN_64_TO_32_BIT_CONVERSION = YES;
				GCC_WARN_ABOUT_RETURN_TYPE = YES_ERROR;
				GCC_WARN_UNDECLARED_SELECTOR = YES;
				GCC_WARN_UNINITIALIZED_AUTOS = YES_AGGRESSIVE;
				GCC_WARN_UNUSED_FUNCTION = YES;
				GCC_WARN_UNUSED_VARIABLE = YES;
				IPHONEOS_DEPLOYMENT_TARGET = 10.0;
				MTL_ENABLE_DEBUG_INFO = NO;
				SDKROOT = iphoneos;
				SWIFT_OPTIMIZATION_LEVEL = "-Owholemodule";
				VALIDATE_PRODUCT = YES;
			};
			name = Release;
		};
		152F3D4D209DE62700AECC0D /* Debug */ = {
			isa = XCBuildConfiguration;
			baseConfigurationReference = 0EC537E7E1D3318B11045DA2 /* Pods-CIExample.debug.xcconfig */;
			buildSettings = {
				ASSETCATALOG_COMPILER_APPICON_NAME = AppIcon;
				CODE_SIGN_STYLE = Automatic;
				DEVELOPMENT_TEAM = DG8CYXRL5A;
				INFOPLIST_FILE = CIExample/Info.plist;
				IPHONEOS_DEPLOYMENT_TARGET = 10.0;
				LD_RUNPATH_SEARCH_PATHS = "$(inherited) @executable_path/Frameworks";
				PRODUCT_BUNDLE_IDENTIFIER = brunoramos.CIExample;
				PRODUCT_NAME = "$(TARGET_NAME)";
				SWIFT_VERSION = 4.0;
				TARGETED_DEVICE_FAMILY = "1,2";
			};
			name = Debug;
		};
		152F3D4E209DE62700AECC0D /* Release */ = {
			isa = XCBuildConfiguration;
			baseConfigurationReference = 1CBC8A110C9F429C0019D866 /* Pods-CIExample.release.xcconfig */;
			buildSettings = {
				ASSETCATALOG_COMPILER_APPICON_NAME = AppIcon;
				CODE_SIGN_STYLE = Automatic;
				DEVELOPMENT_TEAM = DG8CYXRL5A;
				INFOPLIST_FILE = CIExample/Info.plist;
				IPHONEOS_DEPLOYMENT_TARGET = 10.0;
				LD_RUNPATH_SEARCH_PATHS = "$(inherited) @executable_path/Frameworks";
				PRODUCT_BUNDLE_IDENTIFIER = brunoramos.CIExample;
				PRODUCT_NAME = "$(TARGET_NAME)";
				SWIFT_VERSION = 4.0;
				TARGETED_DEVICE_FAMILY = "1,2";
			};
			name = Release;
		};
		152F3D50209DE62700AECC0D /* Debug */ = {
			isa = XCBuildConfiguration;
			baseConfigurationReference = 4DAD021C035E6C7E4F90D4E9 /* Pods-CIExampleTests.debug.xcconfig */;
			buildSettings = {
				ALWAYS_EMBED_SWIFT_STANDARD_LIBRARIES = YES;
				BUNDLE_LOADER = "$(TEST_HOST)";
				CODE_SIGN_STYLE = Automatic;
				DEVELOPMENT_TEAM = DG8CYXRL5A;
				INFOPLIST_FILE = CIExampleTests/Info.plist;
				LD_RUNPATH_SEARCH_PATHS = "$(inherited) @executable_path/Frameworks @loader_path/Frameworks";
				PRODUCT_BUNDLE_IDENTIFIER = brunoramos.CIExampleTests;
				PRODUCT_NAME = "$(TARGET_NAME)";
				SWIFT_VERSION = 4.0;
				TARGETED_DEVICE_FAMILY = "1,2";
				TEST_HOST = "$(BUILT_PRODUCTS_DIR)/CIExample.app/CIExample";
			};
			name = Debug;
		};
		152F3D51209DE62700AECC0D /* Release */ = {
			isa = XCBuildConfiguration;
			baseConfigurationReference = 70FA5C0FFCBBBAD2ED1683DE /* Pods-CIExampleTests.release.xcconfig */;
			buildSettings = {
				ALWAYS_EMBED_SWIFT_STANDARD_LIBRARIES = YES;
				BUNDLE_LOADER = "$(TEST_HOST)";
				CODE_SIGN_STYLE = Automatic;
				DEVELOPMENT_TEAM = DG8CYXRL5A;
				INFOPLIST_FILE = CIExampleTests/Info.plist;
				LD_RUNPATH_SEARCH_PATHS = "$(inherited) @executable_path/Frameworks @loader_path/Frameworks";
				PRODUCT_BUNDLE_IDENTIFIER = brunoramos.CIExampleTests;
				PRODUCT_NAME = "$(TARGET_NAME)";
				SWIFT_VERSION = 4.0;
				TARGETED_DEVICE_FAMILY = "1,2";
				TEST_HOST = "$(BUILT_PRODUCTS_DIR)/CIExample.app/CIExample";
			};
			name = Release;
		};
		152F3D53209DE62700AECC0D /* Debug */ = {
			isa = XCBuildConfiguration;
			baseConfigurationReference = 519EEF2E2942C65376CB67FC /* Pods-CIExampleUITests.debug.xcconfig */;
			buildSettings = {
				ALWAYS_EMBED_SWIFT_STANDARD_LIBRARIES = YES;
				CODE_SIGN_STYLE = Automatic;
				DEVELOPMENT_TEAM = DG8CYXRL5A;
				INFOPLIST_FILE = CIExampleUITests/Info.plist;
				LD_RUNPATH_SEARCH_PATHS = "$(inherited) @executable_path/Frameworks @loader_path/Frameworks";
				PRODUCT_BUNDLE_IDENTIFIER = brunoramos.CIExampleUITests;
				PRODUCT_NAME = "$(TARGET_NAME)";
				SWIFT_VERSION = 4.0;
				TARGETED_DEVICE_FAMILY = "1,2";
				TEST_TARGET_NAME = CIExample;
			};
			name = Debug;
		};
		152F3D54209DE62700AECC0D /* Release */ = {
			isa = XCBuildConfiguration;
			baseConfigurationReference = 20A95ED7DBAFE26B26D854F8 /* Pods-CIExampleUITests.release.xcconfig */;
			buildSettings = {
				ALWAYS_EMBED_SWIFT_STANDARD_LIBRARIES = YES;
				CODE_SIGN_STYLE = Automatic;
				DEVELOPMENT_TEAM = DG8CYXRL5A;
				INFOPLIST_FILE = CIExampleUITests/Info.plist;
				LD_RUNPATH_SEARCH_PATHS = "$(inherited) @executable_path/Frameworks @loader_path/Frameworks";
				PRODUCT_BUNDLE_IDENTIFIER = brunoramos.CIExampleUITests;
				PRODUCT_NAME = "$(TARGET_NAME)";
				SWIFT_VERSION = 4.0;
				TARGETED_DEVICE_FAMILY = "1,2";
				TEST_TARGET_NAME = CIExample;
			};
			name = Release;
		};
/* End XCBuildConfiguration section */

/* Begin XCConfigurationList section */
		152F3D1F209DE62700AECC0D /* Build configuration list for PBXProject "CIExample" */ = {
			isa = XCConfigurationList;
			buildConfigurations = (
				152F3D4A209DE62700AECC0D /* Debug */,
				152F3D4B209DE62700AECC0D /* Release */,
			);
			defaultConfigurationIsVisible = 0;
			defaultConfigurationName = Release;
		};
		152F3D4C209DE62700AECC0D /* Build configuration list for PBXNativeTarget "CIExample" */ = {
			isa = XCConfigurationList;
			buildConfigurations = (
				152F3D4D209DE62700AECC0D /* Debug */,
				152F3D4E209DE62700AECC0D /* Release */,
			);
			defaultConfigurationIsVisible = 0;
			defaultConfigurationName = Release;
		};
		152F3D4F209DE62700AECC0D /* Build configuration list for PBXNativeTarget "CIExampleTests" */ = {
			isa = XCConfigurationList;
			buildConfigurations = (
				152F3D50209DE62700AECC0D /* Debug */,
				152F3D51209DE62700AECC0D /* Release */,
			);
			defaultConfigurationIsVisible = 0;
			defaultConfigurationName = Release;
		};
		152F3D52209DE62700AECC0D /* Build configuration list for PBXNativeTarget "CIExampleUITests" */ = {
			isa = XCConfigurationList;
			buildConfigurations = (
				152F3D53209DE62700AECC0D /* Debug */,
				152F3D54209DE62700AECC0D /* Release */,
			);
			defaultConfigurationIsVisible = 0;
			defaultConfigurationName = Release;
		};
/* End XCConfigurationList section */
	};
	rootObject = 152F3D1C209DE62700AECC0D /* Project object */;
}
